// !$*UTF8*$!
{
	archiveVersion = 1;
	classes = {
	};
	objectVersion = 46;
	objects = {

/* Begin PBXBuildFile section */
		0FF7D45B7FAE6364C5493941 /* Pods_MatePet.framework in Frameworks */ = {isa = PBXBuildFile; fileRef = 63B7491DDB27D4E159B06FB1 /* Pods_MatePet.framework */; };
		A00348861DAE1A1D0088ADE4 /* FirebaseDataModel.swift in Sources */ = {isa = PBXBuildFile; fileRef = A00348851DAE1A1D0088ADE4 /* FirebaseDataModel.swift */; };
		A03484831DB9FEA00009A339 /* ToAddViewController.swift in Sources */ = {isa = PBXBuildFile; fileRef = A03484821DB9FEA00009A339 /* ToAddViewController.swift */; };
		A03484851DBA00A20009A339 /* .gitignore in Resources */ = {isa = PBXBuildFile; fileRef = A03484841DBA00A20009A339 /* .gitignore */; };
		A043198A1DA78E5F00698EA1 /* QueryViewController.swift in Sources */ = {isa = PBXBuildFile; fileRef = A04319891DA78E5F00698EA1 /* QueryViewController.swift */; };
		A043198C1DA7AB0100698EA1 /* SortTableViewController.swift in Sources */ = {isa = PBXBuildFile; fileRef = A043198B1DA7AB0100698EA1 /* SortTableViewController.swift */; };
		A0438CFC1DB4B84F00025820 /* LocalDataModel.swift in Sources */ = {isa = PBXBuildFile; fileRef = A0438CFB1DB4B84F00025820 /* LocalDataModel.swift */; };
		A0438CFE1DB4DB3800025820 /* PersonalLikesViewController.swift in Sources */ = {isa = PBXBuildFile; fileRef = A0438CFD1DB4DB3800025820 /* PersonalLikesViewController.swift */; };
		A04AC56B1D9D1A5D00558C6A /* DatabaseEnum.swift in Sources */ = {isa = PBXBuildFile; fileRef = A04AC56A1D9D1A5D00558C6A /* DatabaseEnum.swift */; };
		A06A8B7C1DB71BD100648E04 /* CustomTabBarController.swift in Sources */ = {isa = PBXBuildFile; fileRef = A06A8B7B1DB71BD100648E04 /* CustomTabBarController.swift */; };
		A06A8B841DB7692500648E04 /* ShakeRandomViewController.swift in Sources */ = {isa = PBXBuildFile; fileRef = A06A8B831DB7692500648E04 /* ShakeRandomViewController.swift */; };
		A070419E1D9AD17900674297 /* FBLoginViewController.swift in Sources */ = {isa = PBXBuildFile; fileRef = A070419D1D9AD17900674297 /* FBLoginViewController.swift */; };
		A0839BEF1DB07CC2005D9B26 /* SingleCatDetailViewController.swift in Sources */ = {isa = PBXBuildFile; fileRef = A0839BEE1DB07CC2005D9B26 /* SingleCatDetailViewController.swift */; };
		A0A0F8D41DA6545C00609C5C /* FilterDataTableViewController.swift in Sources */ = {isa = PBXBuildFile; fileRef = A0A0F8D31DA6545C00609C5C /* FilterDataTableViewController.swift */; };
		A0C155221DAF780200483086 /* PersonalPageViewController.swift in Sources */ = {isa = PBXBuildFile; fileRef = A0C155211DAF780200483086 /* PersonalPageViewController.swift */; };
		A0D2C9D01DA6B7C20080B73B /* FilterMainViewController.swift in Sources */ = {isa = PBXBuildFile; fileRef = A0D2C9CF1DA6B7C20080B73B /* FilterMainViewController.swift */; };
		A0E712991D99618700E60826 /* AppDelegate.swift in Sources */ = {isa = PBXBuildFile; fileRef = A0E712981D99618700E60826 /* AppDelegate.swift */; };
		A0E7129B1D99618700E60826 /* AddNewDataViewController.swift in Sources */ = {isa = PBXBuildFile; fileRef = A0E7129A1D99618700E60826 /* AddNewDataViewController.swift */; };
		A0E7129E1D99618700E60826 /* Main.storyboard in Resources */ = {isa = PBXBuildFile; fileRef = A0E7129C1D99618700E60826 /* Main.storyboard */; };
		A0E712A01D99618700E60826 /* Assets.xcassets in Resources */ = {isa = PBXBuildFile; fileRef = A0E7129F1D99618700E60826 /* Assets.xcassets */; };
		A0E712A31D99618700E60826 /* LaunchScreen.storyboard in Resources */ = {isa = PBXBuildFile; fileRef = A0E712A11D99618700E60826 /* LaunchScreen.storyboard */; };
		A0E860B21D9E18F200A8A90F /* MainPageViewController.swift in Sources */ = {isa = PBXBuildFile; fileRef = A0E860B11D9E18F200A8A90F /* MainPageViewController.swift */; };
		A0EE83291DA20619005971C6 /* GoogleService-Info.plist in Resources */ = {isa = PBXBuildFile; fileRef = A0EE83281DA20619005971C6 /* GoogleService-Info.plist */; };
		A0F0D0851DB505EB0018F15E /* PersonalViewController.swift in Sources */ = {isa = PBXBuildFile; fileRef = A0F0D0841DB505EB0018F15E /* PersonalViewController.swift */; };
		A0F0D0871DB5095A0018F15E /* PersonalOwnsViewController.swift in Sources */ = {isa = PBXBuildFile; fileRef = A0F0D0861DB5095A0018F15E /* PersonalOwnsViewController.swift */; };
/* End PBXBuildFile section */

/* Begin PBXFileReference section */
		519B7737F1CDEB825A55A54C /* Pods-MatePet.release.xcconfig */ = {isa = PBXFileReference; includeInIndex = 1; lastKnownFileType = text.xcconfig; name = "Pods-MatePet.release.xcconfig"; path = "Pods/Target Support Files/Pods-MatePet/Pods-MatePet.release.xcconfig"; sourceTree = "<group>"; };
		63B7491DDB27D4E159B06FB1 /* Pods_MatePet.framework */ = {isa = PBXFileReference; explicitFileType = wrapper.framework; includeInIndex = 0; path = Pods_MatePet.framework; sourceTree = BUILT_PRODUCTS_DIR; };
		99030253C0EA6A5826CB844B /* Pods-MatePet.debug.xcconfig */ = {isa = PBXFileReference; includeInIndex = 1; lastKnownFileType = text.xcconfig; name = "Pods-MatePet.debug.xcconfig"; path = "Pods/Target Support Files/Pods-MatePet/Pods-MatePet.debug.xcconfig"; sourceTree = "<group>"; };
		A00348851DAE1A1D0088ADE4 /* FirebaseDataModel.swift */ = {isa = PBXFileReference; fileEncoding = 4; lastKnownFileType = sourcecode.swift; path = FirebaseDataModel.swift; sourceTree = "<group>"; };
		A03484821DB9FEA00009A339 /* ToAddViewController.swift */ = {isa = PBXFileReference; fileEncoding = 4; lastKnownFileType = sourcecode.swift; path = ToAddViewController.swift; sourceTree = "<group>"; };
		A03484841DBA00A20009A339 /* .gitignore */ = {isa = PBXFileReference; fileEncoding = 4; lastKnownFileType = text; name = .gitignore; path = MatePet/Assets.xcassets/.gitignore; sourceTree = "<group>"; };
		A04319891DA78E5F00698EA1 /* QueryViewController.swift */ = {isa = PBXFileReference; fileEncoding = 4; lastKnownFileType = sourcecode.swift; path = QueryViewController.swift; sourceTree = "<group>"; };
		A043198B1DA7AB0100698EA1 /* SortTableViewController.swift */ = {isa = PBXFileReference; fileEncoding = 4; lastKnownFileType = sourcecode.swift; path = SortTableViewController.swift; sourceTree = "<group>"; };
		A0438CFB1DB4B84F00025820 /* LocalDataModel.swift */ = {isa = PBXFileReference; fileEncoding = 4; lastKnownFileType = sourcecode.swift; path = LocalDataModel.swift; sourceTree = "<group>"; };
		A0438CFD1DB4DB3800025820 /* PersonalLikesViewController.swift */ = {isa = PBXFileReference; fileEncoding = 4; lastKnownFileType = sourcecode.swift; path = PersonalLikesViewController.swift; sourceTree = "<group>"; };
		A04AC56A1D9D1A5D00558C6A /* DatabaseEnum.swift */ = {isa = PBXFileReference; fileEncoding = 4; lastKnownFileType = sourcecode.swift; path = DatabaseEnum.swift; sourceTree = "<group>"; };
		A06A8B7B1DB71BD100648E04 /* CustomTabBarController.swift */ = {isa = PBXFileReference; fileEncoding = 4; lastKnownFileType = sourcecode.swift; path = CustomTabBarController.swift; sourceTree = "<group>"; };
		A06A8B831DB7692500648E04 /* ShakeRandomViewController.swift */ = {isa = PBXFileReference; fileEncoding = 4; lastKnownFileType = sourcecode.swift; path = ShakeRandomViewController.swift; sourceTree = "<group>"; };
		A070419D1D9AD17900674297 /* FBLoginViewController.swift */ = {isa = PBXFileReference; fileEncoding = 4; lastKnownFileType = sourcecode.swift; path = FBLoginViewController.swift; sourceTree = "<group>"; };
		A0839BEE1DB07CC2005D9B26 /* SingleCatDetailViewController.swift */ = {isa = PBXFileReference; fileEncoding = 4; lastKnownFileType = sourcecode.swift; path = SingleCatDetailViewController.swift; sourceTree = "<group>"; };
		A0A0F8D31DA6545C00609C5C /* FilterDataTableViewController.swift */ = {isa = PBXFileReference; fileEncoding = 4; lastKnownFileType = sourcecode.swift; path = FilterDataTableViewController.swift; sourceTree = "<group>"; };
		A0C155211DAF780200483086 /* PersonalPageViewController.swift */ = {isa = PBXFileReference; fileEncoding = 4; lastKnownFileType = sourcecode.swift; path = PersonalPageViewController.swift; sourceTree = "<group>"; };
		A0D2C9CF1DA6B7C20080B73B /* FilterMainViewController.swift */ = {isa = PBXFileReference; fileEncoding = 4; lastKnownFileType = sourcecode.swift; path = FilterMainViewController.swift; sourceTree = "<group>"; };
		A0E712951D99618700E60826 /* MatePet.app */ = {isa = PBXFileReference; explicitFileType = wrapper.application; includeInIndex = 0; path = MatePet.app; sourceTree = BUILT_PRODUCTS_DIR; };
		A0E712981D99618700E60826 /* AppDelegate.swift */ = {isa = PBXFileReference; lastKnownFileType = sourcecode.swift; path = AppDelegate.swift; sourceTree = "<group>"; };
		A0E7129A1D99618700E60826 /* AddNewDataViewController.swift */ = {isa = PBXFileReference; lastKnownFileType = sourcecode.swift; path = AddNewDataViewController.swift; sourceTree = "<group>"; };
		A0E7129D1D99618700E60826 /* Base */ = {isa = PBXFileReference; lastKnownFileType = file.storyboard; name = Base; path = Base.lproj/Main.storyboard; sourceTree = "<group>"; };
		A0E7129F1D99618700E60826 /* Assets.xcassets */ = {isa = PBXFileReference; lastKnownFileType = folder.assetcatalog; path = Assets.xcassets; sourceTree = "<group>"; };
		A0E712A21D99618700E60826 /* Base */ = {isa = PBXFileReference; lastKnownFileType = file.storyboard; name = Base; path = Base.lproj/LaunchScreen.storyboard; sourceTree = "<group>"; };
		A0E712A41D99618700E60826 /* Info.plist */ = {isa = PBXFileReference; lastKnownFileType = text.plist.xml; path = Info.plist; sourceTree = "<group>"; };
		A0E860B11D9E18F200A8A90F /* MainPageViewController.swift */ = {isa = PBXFileReference; fileEncoding = 4; lastKnownFileType = sourcecode.swift; path = MainPageViewController.swift; sourceTree = "<group>"; };
		A0EE83281DA20619005971C6 /* GoogleService-Info.plist */ = {isa = PBXFileReference; fileEncoding = 4; lastKnownFileType = text.plist.xml; path = "GoogleService-Info.plist"; sourceTree = "<group>"; };
		A0F0D0841DB505EB0018F15E /* PersonalViewController.swift */ = {isa = PBXFileReference; fileEncoding = 4; lastKnownFileType = sourcecode.swift; path = PersonalViewController.swift; sourceTree = "<group>"; };
		A0F0D0861DB5095A0018F15E /* PersonalOwnsViewController.swift */ = {isa = PBXFileReference; fileEncoding = 4; lastKnownFileType = sourcecode.swift; path = PersonalOwnsViewController.swift; sourceTree = "<group>"; };
/* End PBXFileReference section */

/* Begin PBXFrameworksBuildPhase section */
		A0E712921D99618700E60826 /* Frameworks */ = {
			isa = PBXFrameworksBuildPhase;
			buildActionMask = 2147483647;
			files = (
				0FF7D45B7FAE6364C5493941 /* Pods_MatePet.framework in Frameworks */,
			);
			runOnlyForDeploymentPostprocessing = 0;
		};
/* End PBXFrameworksBuildPhase section */

/* Begin PBXGroup section */
		534627317DFB37B36828DF3B /* Pods */ = {
			isa = PBXGroup;
			children = (
				99030253C0EA6A5826CB844B /* Pods-MatePet.debug.xcconfig */,
				519B7737F1CDEB825A55A54C /* Pods-MatePet.release.xcconfig */,
			);
			name = Pods;
			sourceTree = "<group>";
		};
		92701F2E5CD23EA244E3CDA8 /* Frameworks */ = {
			isa = PBXGroup;
			children = (
				63B7491DDB27D4E159B06FB1 /* Pods_MatePet.framework */,
			);
			name = Frameworks;
			sourceTree = "<group>";
		};
		A0A95A4F1D9B684F00268685 /* Assistant file */ = {
			isa = PBXGroup;
			children = (
				A0EE83281DA20619005971C6 /* GoogleService-Info.plist */,
				A0E712A41D99618700E60826 /* Info.plist */,
				A0E712A11D99618700E60826 /* LaunchScreen.storyboard */,
				A0E7129F1D99618700E60826 /* Assets.xcassets */,
				A0E712981D99618700E60826 /* AppDelegate.swift */,
			);
			name = "Assistant file";
			sourceTree = "<group>";
		};
		A0E7128C1D99618700E60826 = {
			isa = PBXGroup;
			children = (
				A03484841DBA00A20009A339 /* .gitignore */,
				A0E712971D99618700E60826 /* MatePet */,
				A0E712961D99618700E60826 /* Products */,
				534627317DFB37B36828DF3B /* Pods */,
				92701F2E5CD23EA244E3CDA8 /* Frameworks */,
			);
			sourceTree = "<group>";
		};
		A0E712961D99618700E60826 /* Products */ = {
			isa = PBXGroup;
			children = (
				A0E712951D99618700E60826 /* MatePet.app */,
			);
			name = Products;
			sourceTree = "<group>";
		};
		A0E712971D99618700E60826 /* MatePet */ = {
			isa = PBXGroup;
			children = (
				A0A95A4F1D9B684F00268685 /* Assistant file */,
				A070419D1D9AD17900674297 /* FBLoginViewController.swift */,
				A06A8B7B1DB71BD100648E04 /* CustomTabBarController.swift */,
				A06A8B831DB7692500648E04 /* ShakeRandomViewController.swift */,
				A0C155211DAF780200483086 /* PersonalPageViewController.swift */,
				A04AC56A1D9D1A5D00558C6A /* DatabaseEnum.swift */,
				A00348851DAE1A1D0088ADE4 /* FirebaseDataModel.swift */,
				A0438CFB1DB4B84F00025820 /* LocalDataModel.swift */,
				A03484821DB9FEA00009A339 /* ToAddViewController.swift */,
				A0E7129A1D99618700E60826 /* AddNewDataViewController.swift */,
				A0E860B11D9E18F200A8A90F /* MainPageViewController.swift */,
				A0A0F8D31DA6545C00609C5C /* FilterDataTableViewController.swift */,
				A0D2C9CF1DA6B7C20080B73B /* FilterMainViewController.swift */,
				A043198B1DA7AB0100698EA1 /* SortTableViewController.swift */,
				A04319891DA78E5F00698EA1 /* QueryViewController.swift */,
				A0839BEE1DB07CC2005D9B26 /* SingleCatDetailViewController.swift */,
				A0F0D0841DB505EB0018F15E /* PersonalViewController.swift */,
				A0438CFD1DB4DB3800025820 /* PersonalLikesViewController.swift */,
				A0F0D0861DB5095A0018F15E /* PersonalOwnsViewController.swift */,
				A0E7129C1D99618700E60826 /* Main.storyboard */,
			);
			path = MatePet;
			sourceTree = "<group>";
		};
/* End PBXGroup section */

/* Begin PBXNativeTarget section */
		A0E712941D99618700E60826 /* MatePet */ = {
			isa = PBXNativeTarget;
			buildConfigurationList = A0E712A71D99618700E60826 /* Build configuration list for PBXNativeTarget "MatePet" */;
			buildPhases = (
				255E93E79B543490C7B6FEF7 /* 📦 Check Pods Manifest.lock */,
				A0E712911D99618700E60826 /* Sources */,
				A0E712921D99618700E60826 /* Frameworks */,
				A0E712931D99618700E60826 /* Resources */,
				0375F243782B5213C67B6A28 /* 📦 Embed Pods Frameworks */,
				2D1CAD3E8EE6238569EB98C5 /* 📦 Copy Pods Resources */,
			);
			buildRules = (
			);
			dependencies = (
			);
			name = MatePet;
			productName = MatePet;
			productReference = A0E712951D99618700E60826 /* MatePet.app */;
			productType = "com.apple.product-type.application";
		};
/* End PBXNativeTarget section */

/* Begin PBXProject section */
		A0E7128D1D99618700E60826 /* Project object */ = {
			isa = PBXProject;
			attributes = {
				LastSwiftUpdateCheck = 0730;
				LastUpgradeCheck = 0730;
				ORGANIZATIONNAME = RosalieRabbit;
				TargetAttributes = {
					A0E712941D99618700E60826 = {
						CreatedOnToolsVersion = 7.3.1;
						DevelopmentTeam = 28W9L52PAW;
					};
				};
			};
			buildConfigurationList = A0E712901D99618700E60826 /* Build configuration list for PBXProject "MatePet" */;
			compatibilityVersion = "Xcode 3.2";
			developmentRegion = English;
			hasScannedForEncodings = 0;
			knownRegions = (
				en,
				Base,
			);
			mainGroup = A0E7128C1D99618700E60826;
			productRefGroup = A0E712961D99618700E60826 /* Products */;
			projectDirPath = "";
			projectRoot = "";
			targets = (
				A0E712941D99618700E60826 /* MatePet */,
			);
		};
/* End PBXProject section */

/* Begin PBXResourcesBuildPhase section */
		A0E712931D99618700E60826 /* Resources */ = {
			isa = PBXResourcesBuildPhase;
			buildActionMask = 2147483647;
			files = (
				A03484851DBA00A20009A339 /* .gitignore in Resources */,
				A0E712A31D99618700E60826 /* LaunchScreen.storyboard in Resources */,
				A0EE83291DA20619005971C6 /* GoogleService-Info.plist in Resources */,
				A0E712A01D99618700E60826 /* Assets.xcassets in Resources */,
				A0E7129E1D99618700E60826 /* Main.storyboard in Resources */,
			);
			runOnlyForDeploymentPostprocessing = 0;
		};
/* End PBXResourcesBuildPhase section */

/* Begin PBXShellScriptBuildPhase section */
		0375F243782B5213C67B6A28 /* 📦 Embed Pods Frameworks */ = {
			isa = PBXShellScriptBuildPhase;
			buildActionMask = 2147483647;
			files = (
			);
			inputPaths = (
			);
			name = "📦 Embed Pods Frameworks";
			outputPaths = (
			);
			runOnlyForDeploymentPostprocessing = 0;
			shellPath = /bin/sh;
			shellScript = "\"${SRCROOT}/Pods/Target Support Files/Pods-MatePet/Pods-MatePet-frameworks.sh\"\n";
			showEnvVarsInLog = 0;
		};
		255E93E79B543490C7B6FEF7 /* 📦 Check Pods Manifest.lock */ = {
			isa = PBXShellScriptBuildPhase;
			buildActionMask = 2147483647;
			files = (
			);
			inputPaths = (
			);
			name = "📦 Check Pods Manifest.lock";
			outputPaths = (
			);
			runOnlyForDeploymentPostprocessing = 0;
			shellPath = /bin/sh;
			shellScript = "diff \"${PODS_ROOT}/../Podfile.lock\" \"${PODS_ROOT}/Manifest.lock\" > /dev/null\nif [[ $? != 0 ]] ; then\n    cat << EOM\nerror: The sandbox is not in sync with the Podfile.lock. Run 'pod install' or update your CocoaPods installation.\nEOM\n    exit 1\nfi\n";
			showEnvVarsInLog = 0;
		};
		2D1CAD3E8EE6238569EB98C5 /* 📦 Copy Pods Resources */ = {
			isa = PBXShellScriptBuildPhase;
			buildActionMask = 2147483647;
			files = (
			);
			inputPaths = (
			);
			name = "📦 Copy Pods Resources";
			outputPaths = (
			);
			runOnlyForDeploymentPostprocessing = 0;
			shellPath = /bin/sh;
			shellScript = "\"${SRCROOT}/Pods/Target Support Files/Pods-MatePet/Pods-MatePet-resources.sh\"\n";
			showEnvVarsInLog = 0;
		};
/* End PBXShellScriptBuildPhase section */

/* Begin PBXSourcesBuildPhase section */
		A0E712911D99618700E60826 /* Sources */ = {
			isa = PBXSourcesBuildPhase;
			buildActionMask = 2147483647;
			files = (
				A0438CFC1DB4B84F00025820 /* LocalDataModel.swift in Sources */,
				A0F0D0851DB505EB0018F15E /* PersonalViewController.swift in Sources */,
				A0438CFE1DB4DB3800025820 /* PersonalLikesViewController.swift in Sources */,
				A0E860B21D9E18F200A8A90F /* MainPageViewController.swift in Sources */,
				A0F0D0871DB5095A0018F15E /* PersonalOwnsViewController.swift in Sources */,
				A043198A1DA78E5F00698EA1 /* QueryViewController.swift in Sources */,
				A0A0F8D41DA6545C00609C5C /* FilterDataTableViewController.swift in Sources */,
				A0E7129B1D99618700E60826 /* AddNewDataViewController.swift in Sources */,
				A0E712991D99618700E60826 /* AppDelegate.swift in Sources */,
				A043198C1DA7AB0100698EA1 /* SortTableViewController.swift in Sources */,
				A06A8B841DB7692500648E04 /* ShakeRandomViewController.swift in Sources */,
				A0839BEF1DB07CC2005D9B26 /* SingleCatDetailViewController.swift in Sources */,
				A0C155221DAF780200483086 /* PersonalPageViewController.swift in Sources */,
				A06A8B7C1DB71BD100648E04 /* CustomTabBarController.swift in Sources */,
				A00348861DAE1A1D0088ADE4 /* FirebaseDataModel.swift in Sources */,
				A070419E1D9AD17900674297 /* FBLoginViewController.swift in Sources */,
				A04AC56B1D9D1A5D00558C6A /* DatabaseEnum.swift in Sources */,
				A0D2C9D01DA6B7C20080B73B /* FilterMainViewController.swift in Sources */,
				A03484831DB9FEA00009A339 /* ToAddViewController.swift in Sources */,
			);
			runOnlyForDeploymentPostprocessing = 0;
		};
/* End PBXSourcesBuildPhase section */

/* Begin PBXVariantGroup section */
		A0E7129C1D99618700E60826 /* Main.storyboard */ = {
			isa = PBXVariantGroup;
			children = (
				A0E7129D1D99618700E60826 /* Base */,
			);
			name = Main.storyboard;
			sourceTree = "<group>";
		};
		A0E712A11D99618700E60826 /* LaunchScreen.storyboard */ = {
			isa = PBXVariantGroup;
			children = (
				A0E712A21D99618700E60826 /* Base */,
			);
			name = LaunchScreen.storyboard;
			sourceTree = "<group>";
		};
/* End PBXVariantGroup section */

/* Begin XCBuildConfiguration section */
		A0E712A51D99618700E60826 /* Debug */ = {
			isa = XCBuildConfiguration;
			buildSettings = {
				ALWAYS_SEARCH_USER_PATHS = NO;
				CLANG_ANALYZER_NONNULL = YES;
				CLANG_CXX_LANGUAGE_STANDARD = "gnu++0x";
				CLANG_CXX_LIBRARY = "libc++";
				CLANG_ENABLE_MODULES = YES;
				CLANG_ENABLE_OBJC_ARC = YES;
				CLANG_WARN_BOOL_CONVERSION = YES;
				CLANG_WARN_CONSTANT_CONVERSION = YES;
				CLANG_WARN_DIRECT_OBJC_ISA_USAGE = YES_ERROR;
				CLANG_WARN_EMPTY_BODY = YES;
				CLANG_WARN_ENUM_CONVERSION = YES;
				CLANG_WARN_INT_CONVERSION = YES;
				CLANG_WARN_OBJC_ROOT_CLASS = YES_ERROR;
				CLANG_WARN_UNREACHABLE_CODE = YES;
				CLANG_WARN__DUPLICATE_METHOD_MATCH = YES;
				"CODE_SIGN_IDENTITY[sdk=iphoneos*]" = "iPhone Developer";
				COPY_PHASE_STRIP = NO;
				DEBUG_INFORMATION_FORMAT = dwarf;
				ENABLE_STRICT_OBJC_MSGSEND = YES;
				ENABLE_TESTABILITY = YES;
				GCC_C_LANGUAGE_STANDARD = gnu99;
				GCC_DYNAMIC_NO_PIC = NO;
				GCC_NO_COMMON_BLOCKS = YES;
				GCC_OPTIMIZATION_LEVEL = 0;
				GCC_PREPROCESSOR_DEFINITIONS = (
					"DEBUG=1",
					"$(inherited)",
				);
				GCC_WARN_64_TO_32_BIT_CONVERSION = YES;
				GCC_WARN_ABOUT_RETURN_TYPE = YES_ERROR;
				GCC_WARN_UNDECLARED_SELECTOR = YES;
				GCC_WARN_UNINITIALIZED_AUTOS = YES_AGGRESSIVE;
				GCC_WARN_UNUSED_FUNCTION = YES;
				GCC_WARN_UNUSED_VARIABLE = YES;
				IPHONEOS_DEPLOYMENT_TARGET = 9.3;
				MTL_ENABLE_DEBUG_INFO = YES;
				ONLY_ACTIVE_ARCH = YES;
				SDKROOT = iphoneos;
				SWIFT_OPTIMIZATION_LEVEL = "-Onone";
			};
			name = Debug;
		};
		A0E712A61D99618700E60826 /* Release */ = {
			isa = XCBuildConfiguration;
			buildSettings = {
				ALWAYS_SEARCH_USER_PATHS = NO;
				CLANG_ANALYZER_NONNULL = YES;
				CLANG_CXX_LANGUAGE_STANDARD = "gnu++0x";
				CLANG_CXX_LIBRARY = "libc++";
				CLANG_ENABLE_MODULES = YES;
				CLANG_ENABLE_OBJC_ARC = YES;
				CLANG_WARN_BOOL_CONVERSION = YES;
				CLANG_WARN_CONSTANT_CONVERSION = YES;
				CLANG_WARN_DIRECT_OBJC_ISA_USAGE = YES_ERROR;
				CLANG_WARN_EMPTY_BODY = YES;
				CLANG_WARN_ENUM_CONVERSION = YES;
				CLANG_WARN_INT_CONVERSION = YES;
				CLANG_WARN_OBJC_ROOT_CLASS = YES_ERROR;
				CLANG_WARN_UNREACHABLE_CODE = YES;
				CLANG_WARN__DUPLICATE_METHOD_MATCH = YES;
				"CODE_SIGN_IDENTITY[sdk=iphoneos*]" = "iPhone Developer";
				COPY_PHASE_STRIP = NO;
				DEBUG_INFORMATION_FORMAT = "dwarf-with-dsym";
				ENABLE_NS_ASSERTIONS = NO;
				ENABLE_STRICT_OBJC_MSGSEND = YES;
				GCC_C_LANGUAGE_STANDARD = gnu99;
				GCC_NO_COMMON_BLOCKS = YES;
				GCC_WARN_64_TO_32_BIT_CONVERSION = YES;
				GCC_WARN_ABOUT_RETURN_TYPE = YES_ERROR;
				GCC_WARN_UNDECLARED_SELECTOR = YES;
				GCC_WARN_UNINITIALIZED_AUTOS = YES_AGGRESSIVE;
				GCC_WARN_UNUSED_FUNCTION = YES;
				GCC_WARN_UNUSED_VARIABLE = YES;
				IPHONEOS_DEPLOYMENT_TARGET = 9.3;
				MTL_ENABLE_DEBUG_INFO = NO;
				SDKROOT = iphoneos;
				VALIDATE_PRODUCT = YES;
			};
			name = Release;
		};
		A0E712A81D99618700E60826 /* Debug */ = {
			isa = XCBuildConfiguration;
			baseConfigurationReference = 99030253C0EA6A5826CB844B /* Pods-MatePet.debug.xcconfig */;
			buildSettings = {
				ASSETCATALOG_COMPILER_APPICON_NAME = AppIcon;
				CODE_SIGN_IDENTITY = "iPhone Developer";
				"CODE_SIGN_IDENTITY[sdk=iphoneos*]" = "iPhone Developer";
				INFOPLIST_FILE = MatePet/Info.plist;
				LD_RUNPATH_SEARCH_PATHS = "$(inherited) @executable_path/Frameworks";
				PRODUCT_BUNDLE_IDENTIFIER = com.RosalieRabbit.MatePet;
				PRODUCT_NAME = "$(TARGET_NAME)";
				PROVISIONING_PROFILE = "";
				TARGETED_DEVICE_FAMILY = 1;
			};
			name = Debug;
		};
		A0E712A91D99618700E60826 /* Release */ = {
			isa = XCBuildConfiguration;
			baseConfigurationReference = 519B7737F1CDEB825A55A54C /* Pods-MatePet.release.xcconfig */;
			buildSettings = {
				ASSETCATALOG_COMPILER_APPICON_NAME = AppIcon;
				CODE_SIGN_IDENTITY = "iPhone Developer";
				"CODE_SIGN_IDENTITY[sdk=iphoneos*]" = "iPhone Developer";
				INFOPLIST_FILE = MatePet/Info.plist;
				LD_RUNPATH_SEARCH_PATHS = "$(inherited) @executable_path/Frameworks";
				PRODUCT_BUNDLE_IDENTIFIER = com.RosalieRabbit.MatePet;
				PRODUCT_NAME = "$(TARGET_NAME)";
				PROVISIONING_PROFILE = "";
				TARGETED_DEVICE_FAMILY = 1;
			};
			name = Release;
		};
/* End XCBuildConfiguration section */

/* Begin XCConfigurationList section */
		A0E712901D99618700E60826 /* Build configuration list for PBXProject "MatePet" */ = {
			isa = XCConfigurationList;
			buildConfigurations = (
				A0E712A51D99618700E60826 /* Debug */,
				A0E712A61D99618700E60826 /* Release */,
			);
			defaultConfigurationIsVisible = 0;
			defaultConfigurationName = Release;
		};
		A0E712A71D99618700E60826 /* Build configuration list for PBXNativeTarget "MatePet" */ = {
			isa = XCConfigurationList;
			buildConfigurations = (
				A0E712A81D99618700E60826 /* Debug */,
				A0E712A91D99618700E60826 /* Release */,
			);
			defaultConfigurationIsVisible = 0;
			defaultConfigurationName = Release;
		};
/* End XCConfigurationList section */
	};
	rootObject = A0E7128D1D99618700E60826 /* Project object */;
}
